<?xml version="1.0" encoding="UTF-8"?>
<CONFIG>
  <ProjectOptions>
    <Version Value="12"/>
    <PathDelim Value="\"/>
    <General>
      <Flags>
        <CompatibilityMode Value="True"/>
      </Flags>
      <SessionStorage Value="InProjectDir"/>
      <Title Value="fpcupdeluxeremotespecials"/>
      <ResourceType Value="res"/>
      <UseXPManifest Value="True"/>
      <XPManifest>
        <DpiAware Value="True"/>
      </XPManifest>
      <Resources Count="5">
        <Resource_0 FileName="fpcup.ini" Type="RCDATA" ResourceName="FPCUP_INI"/>
        <Resource_1 FileName="settings.ini" Type="RCDATA" ResourceName="SETTINGS_INI"/>
        <Resource_2 FileName="chimp.png" Type="RCDATA" ResourceName="SPLASH_LOGO"/>
        <Resource_3 FileName="languages\fpcupdeluxe.en.po" Type="RCDATA" ResourceName="FPCUPDELUXE.EN"/>
        <Resource_4 FileName="languages\fpcupdeluxe.zh.po" Type="RCDATA" ResourceName="FPCUPDELUXE.ZH"/>
      </Resources>
    </General>
    <i18n>
      <EnableI18N Value="True" LFM="False"/>
      <OutDir Value="languages"/>
      <ExcludedIdentifiers Count="1">
        <Item1 Value="tform1.caption"/>
      </ExcludedIdentifiers>
    </i18n>
    <BuildModes Count="17">
      <Item1 Name="default" Default="True"/>
      <Item2 Name="debug">
        <CompilerOptions>
          <Version Value="11"/>
          <PathDelim Value="\"/>
          <Target>
            <Filename Value="deluxebin\$NameOnly($(ProjFile))-$(TargetCPU)-$(TargetOS)"/>
          </Target>
          <SearchPaths>
            <IncludeFiles Value="$(ProjOutDir);..\mORMot"/>
            <Libraries Value="libs\win32"/>
            <OtherUnitFiles Value="crossinstallers;synaser;dcpcrypt;dcpcrypt\Ciphers;dcpcrypt\Hashes;logger;..\mORMot\CrossPlatform;..\mORMot2\src\core;..\mORMot2\src\lib;..\mORMot2\src\net;..\mORMot;..\mORMot\SQLite3;downloader\src\forms;downloader\src\common"/>
            <UnitOutputDirectory Value="libfpclazupdeluxe\$(TargetCPU)-$(TargetOS)"/>
          </SearchPaths>
          <Conditionals Value="if TargetOS=&apos;darwin&apos; then
   CustomOptions := &apos; -Cg-&apos;;
if TargetOS=&apos;openbsd&apos; then
   CustomOptions := &apos; -Cg-&apos;;"/>
          <CodeGeneration>
            <Checks>
              <IOChecks Value="True"/>
              <RangeChecks Value="True"/>
              <OverflowChecks Value="True"/>
            </Checks>
            <Optimizations>
              <OptimizationLevel Value="0"/>
            </Optimizations>
          </CodeGeneration>
          <Linking>
            <Debugging>
              <DebugInfoType Value="dsDwarf2"/>
            </Debugging>
          </Linking>
          <Other>
            <CustomOptions Value="-dRemoteLog"/>
          </Other>
        </CompilerOptions>
      </Item2>
      <Item3 Name="linux64musl">
        <CompilerOptions>
          <Version Value="11"/>
          <PathDelim Value="\"/>
          <Target>
            <Filename Value="deluxebin\$NameOnly($(ProjFile))-$(TargetCPU)-$(TargetOS)-musl"/>
          </Target>
          <SearchPaths>
            <IncludeFiles Value="$(ProjOutDir);..\mORMot"/>
            <OtherUnitFiles Value="crossinstallers;synaser;dcpcrypt;dcpcrypt\Ciphers;dcpcrypt\Hashes;logger;..\mORMot\CrossPlatform;..\mORMot2\src\core;..\mORMot2\src\lib;..\mORMot2\src\net;..\mORMot;..\mORMot\SQLite3;downloader\src\forms;downloader\src\common"/>
            <UnitOutputDirectory Value="libfpclazupdeluxe\$(TargetCPU)-$(TargetOS)-musl"/>
          </SearchPaths>
          <CodeGeneration>
            <TargetCPU Value="x86_64"/>
            <TargetOS Value="linux"/>
            <Optimizations>
              <OptimizationLevel Value="2"/>
            </Optimizations>
          </CodeGeneration>
          <Linking>
            <Debugging>
              <GenerateDebugInfo Value="False"/>
              <UseLineInfoUnit Value="False"/>
              <StripSymbols Value="True"/>
            </Debugging>
          </Linking>
          <Other>
            <CustomOptions Value="-dRemoteLog"/>
          </Other>
        </CompilerOptions>
      </Item3>
      <Item4 Name="freebsd11x64">
        <CompilerOptions>
          <Version Value="11"/>
          <PathDelim Value="\"/>
          <Target>
            <Filename Value="deluxebin\$NameOnly($(ProjFile))-$(TargetCPU)-$(TargetOS)11"/>
          </Target>
          <SearchPaths>
            <IncludeFiles Value="$(ProjOutDir);..\mORMot"/>
            <OtherUnitFiles Value="crossinstallers;synaser;dcpcrypt;dcpcrypt\Ciphers;dcpcrypt\Hashes;logger;..\mORMot\CrossPlatform;..\mORMot2\src\core;..\mORMot2\src\lib;..\mORMot2\src\net;..\mORMot;..\mORMot\SQLite3;downloader\src\forms;downloader\src\common"/>
            <UnitOutputDirectory Value="libfpclazupdeluxe\$(TargetCPU)-$(TargetOS)11"/>
          </SearchPaths>
          <CodeGeneration>
            <TargetCPU Value="x86_64"/>
            <TargetOS Value="freebsd"/>
            <Optimizations>
              <OptimizationLevel Value="2"/>
            </Optimizations>
          </CodeGeneration>
          <Linking>
            <Debugging>
              <GenerateDebugInfo Value="False"/>
              <UseLineInfoUnit Value="False"/>
              <StripSymbols Value="True"/>
            </Debugging>
          </Linking>
          <Other>
            <CustomOptions Value="-dRemoteLog"/>
          </Other>
        </CompilerOptions>
      </Item4>
      <Item5 Name="solarisx64oi">
        <CompilerOptions>
          <Version Value="11"/>
          <PathDelim Value="\"/>
          <Target>
            <Filename Value="deluxebin\$NameOnly($(ProjFile))-$(TargetCPU)-$(TargetOS)-oi"/>
          </Target>
          <SearchPaths>
            <IncludeFiles Value="$(ProjOutDir);..\mORMot"/>
            <OtherUnitFiles Value="crossinstallers;synaser;dcpcrypt;dcpcrypt\Ciphers;dcpcrypt\Hashes;logger;..\mORMot\CrossPlatform;..\mORMot2\src\core;..\mORMot2\src\lib;..\mORMot2\src\net;..\mORMot;..\mORMot\SQLite3;downloader\src\forms;downloader\src\common"/>
            <UnitOutputDirectory Value="libfpclazupdeluxe\$(TargetCPU)-$(TargetOS)-oi"/>
          </SearchPaths>
          <CodeGeneration>
            <TargetCPU Value="x86_64"/>
            <TargetOS Value="solaris"/>
            <Optimizations>
              <OptimizationLevel Value="2"/>
            </Optimizations>
          </CodeGeneration>
          <Linking>
            <Debugging>
              <GenerateDebugInfo Value="False"/>
              <UseLineInfoUnit Value="False"/>
              <StripSymbols Value="True"/>
            </Debugging>
          </Linking>
          <Other>
            <CustomOptions Value="-dRemoteLog"/>
          </Other>
        </CompilerOptions>
      </Item5>
      <Item6 Name="darwin32carbon">
        <MacroValues Count="1">
          <Macro3 Name="LCLWidgetType" Value="carbon"/>
        </MacroValues>
        <CompilerOptions>
          <Version Value="11"/>
          <PathDelim Value="\"/>
          <Target>
            <Filename Value="deluxebin\$NameOnly($(ProjFile))-$(TargetCPU)-$(TargetOS)-carbon"/>
          </Target>
          <SearchPaths>
            <IncludeFiles Value="$(ProjOutDir);..\mORMot"/>
            <OtherUnitFiles Value="crossinstallers;synaser;dcpcrypt;dcpcrypt\Ciphers;dcpcrypt\Hashes;logger;..\mORMot\CrossPlatform;..\mORMot2\src\core;..\mORMot2\src\lib;..\mORMot2\src\net;..\mORMot;..\mORMot\SQLite3;downloader\src\forms;downloader\src\common"/>
            <UnitOutputDirectory Value="libfpclazupdeluxe\$(TargetCPU)-$(TargetOS)-carbon"/>
          </SearchPaths>
          <CodeGeneration>
            <TargetCPU Value="i386"/>
            <TargetOS Value="darwin"/>
            <Optimizations>
              <OptimizationLevel Value="2"/>
            </Optimizations>
          </CodeGeneration>
          <Linking>
            <Debugging>
              <GenerateDebugInfo Value="False"/>
              <UseLineInfoUnit Value="False"/>
              <StripSymbols Value="True"/>
            </Debugging>
          </Linking>
          <Other>
            <CustomOptions Value="-dRemoteLog"/>
          </Other>
        </CompilerOptions>
      </Item6>
      <Item7 Name="darwin32cocoa">
        <MacroValues Count="1">
          <Macro2 Name="LCLWidgetType" Value="cocoa"/>
        </MacroValues>
        <CompilerOptions>
          <Version Value="11"/>
          <PathDelim Value="\"/>
          <Target>
            <Filename Value="deluxebin\$NameOnly($(ProjFile))-$(TargetCPU)-$(TargetOS)-cocoa"/>
          </Target>
          <SearchPaths>
            <IncludeFiles Value="$(ProjOutDir);..\mORMot"/>
            <OtherUnitFiles Value="crossinstallers;synaser;dcpcrypt;dcpcrypt\Ciphers;dcpcrypt\Hashes;logger;..\mORMot\CrossPlatform;..\mORMot2\src\core;..\mORMot2\src\lib;..\mORMot2\src\net;..\mORMot;..\mORMot\SQLite3;downloader\src\forms;downloader\src\common"/>
            <UnitOutputDirectory Value="libfpclazupdeluxe\$(TargetCPU)-$(TargetOS)-cocoa"/>
          </SearchPaths>
          <CodeGeneration>
            <TargetCPU Value="i386"/>
            <TargetOS Value="darwin"/>
            <Optimizations>
              <OptimizationLevel Value="2"/>
            </Optimizations>
          </CodeGeneration>
          <Linking>
            <Debugging>
              <GenerateDebugInfo Value="False"/>
              <UseLineInfoUnit Value="False"/>
              <StripSymbols Value="True"/>
            </Debugging>
          </Linking>
          <Other>
            <CustomOptions Value="-dRemoteLog"/>
          </Other>
        </CompilerOptions>
      </Item7>
      <Item8 Name="darwin64cocoa">
        <MacroValues Count="1">
          <Macro2 Name="LCLWidgetType" Value="cocoa"/>
        </MacroValues>
        <CompilerOptions>
          <Version Value="11"/>
          <PathDelim Value="\"/>
          <Target>
            <Filename Value="deluxebin\$NameOnly($(ProjFile))-$(TargetCPU)-$(TargetOS)-cocoa"/>
          </Target>
          <SearchPaths>
            <IncludeFiles Value="$(ProjOutDir);..\mORMot"/>
            <OtherUnitFiles Value="crossinstallers;synaser;dcpcrypt;dcpcrypt\Ciphers;dcpcrypt\Hashes;logger;..\mORMot\CrossPlatform;..\mORMot2\src\core;..\mORMot2\src\lib;..\mORMot2\src\net;..\mORMot;..\mORMot\SQLite3;downloader\src\forms;downloader\src\common"/>
            <UnitOutputDirectory Value="libfpclazupdeluxe\$(TargetCPU)-$(TargetOS)-cocoa"/>
          </SearchPaths>
          <CodeGeneration>
            <TargetCPU Value="x86_64"/>
            <TargetOS Value="darwin"/>
            <Optimizations>
              <OptimizationLevel Value="2"/>
            </Optimizations>
          </CodeGeneration>
          <Linking>
            <Debugging>
              <GenerateDebugInfo Value="False"/>
              <StripSymbols Value="True"/>
            </Debugging>
          </Linking>
          <Other>
            <CustomOptions Value="-dRemoteLog"/>
          </Other>
        </CompilerOptions>
      </Item8>
      <Item9 Name="darwinarm64cocoa">
        <MacroValues Count="1">
          <Macro2 Name="LCLWidgetType" Value="cocoa"/>
        </MacroValues>
        <CompilerOptions>
          <Version Value="11"/>
          <PathDelim Value="\"/>
          <Target>
            <Filename Value="deluxebin\$NameOnly($(ProjFile))-$(TargetCPU)-$(TargetOS)-cocoa"/>
          </Target>
          <SearchPaths>
            <IncludeFiles Value="$(ProjOutDir);..\mORMot"/>
            <OtherUnitFiles Value="crossinstallers;synaser;dcpcrypt;dcpcrypt\Ciphers;dcpcrypt\Hashes;logger;..\mORMot\CrossPlatform;..\mORMot2\src\core;..\mORMot2\src\lib;..\mORMot2\src\net;..\mORMot;..\mORMot\SQLite3;downloader\src\forms;downloader\src\common"/>
            <UnitOutputDirectory Value="libfpclazupdeluxe\$(TargetCPU)-$(TargetOS)-cocoa"/>
          </SearchPaths>
          <CodeGeneration>
            <TargetCPU Value="aarch64"/>
            <TargetOS Value="darwin"/>
            <Optimizations>
              <OptimizationLevel Value="2"/>
            </Optimizations>
          </CodeGeneration>
          <Linking>
            <Debugging>
              <GenerateDebugInfo Value="False"/>
              <StripSymbols Value="True"/>
            </Debugging>
          </Linking>
          <Other>
            <CustomOptions Value="-dRemoteLog"/>
          </Other>
        </CompilerOptions>
      </Item9>
      <Item10 Name="darwin64QT5">
        <MacroValues Count="1">
          <Macro1 Name="LCLWidgetType" Value="qt5"/>
        </MacroValues>
        <CompilerOptions>
          <Version Value="11"/>
          <PathDelim Value="\"/>
          <Target>
            <Filename Value="deluxebin\$NameOnly($(ProjFile))-$(TargetCPU)-$(TargetOS)-qt5"/>
          </Target>
          <SearchPaths>
            <IncludeFiles Value="$(ProjOutDir);..\mORMot"/>
            <OtherUnitFiles Value="crossinstallers;synaser;dcpcrypt;dcpcrypt\Ciphers;dcpcrypt\Hashes;logger;..\mORMot\CrossPlatform;..\mORMot2\src\core;..\mORMot2\src\lib;..\mORMot2\src\net;..\mORMot;..\mORMot\SQLite3;downloader\src\forms;downloader\src\common"/>
            <UnitOutputDirectory Value="libfpclazupdeluxe\$(TargetCPU)-$(TargetOS)-qt5"/>
          </SearchPaths>
          <CodeGeneration>
            <TargetCPU Value="x86_64"/>
            <TargetOS Value="darwin"/>
            <Optimizations>
              <OptimizationLevel Value="2"/>
            </Optimizations>
          </CodeGeneration>
          <Linking>
            <Debugging>
              <GenerateDebugInfo Value="False"/>
            </Debugging>
            <Options>
              <Win32>
                <GraphicApplication Value="True"/>
              </Win32>
            </Options>
          </Linking>
          <Other>
            <CustomOptions Value="-dRemoteLog
-k&quot;-rpath @executable_path/../Frameworks&quot;
-k-framework
-kQt5Pas 
-k-framework
-kQtPrintSupport 
-k-framework
-kQtWidgets
-k-framework
-kQtGui
-k-framework
-kQtNetwork
-k-framework
-kQtCore
-k-framework
-kOpenGL
-k-framework
-kAGL"/>
          </Other>
        </CompilerOptions>
      </Item10>
      <Item11 Name="openbsdx64">
        <CompilerOptions>
          <Version Value="11"/>
          <PathDelim Value="\"/>
          <Target>
            <Filename Value="deluxebin\$NameOnly($(ProjFile))-$(TargetCPU)-$(TargetOS)"/>
          </Target>
          <SearchPaths>
            <IncludeFiles Value="$(ProjOutDir);..\mORMot"/>
            <OtherUnitFiles Value="crossinstallers;synaser;dcpcrypt;dcpcrypt\Ciphers;dcpcrypt\Hashes;logger;..\mORMot\CrossPlatform;..\mORMot2\src\core;..\mORMot2\src\lib;..\mORMot2\src\net;..\mORMot;..\mORMot\SQLite3;downloader\src\forms;downloader\src\common"/>
            <UnitOutputDirectory Value="libfpclazupdeluxe\$(TargetCPU)-$(TargetOS)"/>
          </SearchPaths>
          <CodeGeneration>
            <TargetCPU Value="x86_64"/>
            <TargetOS Value="openbsd"/>
            <Optimizations>
              <OptimizationLevel Value="2"/>
            </Optimizations>
          </CodeGeneration>
          <Linking>
            <Debugging>
              <GenerateDebugInfo Value="False"/>
              <UseLineInfoUnit Value="False"/>
              <StripSymbols Value="True"/>
            </Debugging>
            <LinkSmart Value="True"/>
          </Linking>
          <Other>
            <CustomOptions Value="-dRemoteLog"/>
          </Other>
        </CompilerOptions>
      </Item11>
      <Item12 Name="openbsd32">
        <CompilerOptions>
          <Version Value="11"/>
          <PathDelim Value="\"/>
          <Target>
            <Filename Value="deluxebin\$NameOnly($(ProjFile))-$(TargetCPU)-$(TargetOS)"/>
          </Target>
          <SearchPaths>
            <IncludeFiles Value="$(ProjOutDir);..\mORMot"/>
            <OtherUnitFiles Value="crossinstallers;synaser;dcpcrypt;dcpcrypt\Ciphers;dcpcrypt\Hashes;logger;..\mORMot\CrossPlatform;..\mORMot2\src\core;..\mORMot2\src\lib;..\mORMot2\src\net;..\mORMot;..\mORMot\SQLite3;downloader\src\forms;downloader\src\common"/>
            <UnitOutputDirectory Value="libfpclazupdeluxe\$(TargetCPU)-$(TargetOS)"/>
          </SearchPaths>
          <CodeGeneration>
            <TargetCPU Value="i386"/>
            <TargetOS Value="openbsd"/>
            <Optimizations>
              <OptimizationLevel Value="2"/>
            </Optimizations>
          </CodeGeneration>
          <Linking>
            <Debugging>
              <GenerateDebugInfo Value="False"/>
              <UseLineInfoUnit Value="False"/>
              <StripSymbols Value="True"/>
            </Debugging>
            <LinkSmart Value="True"/>
          </Linking>
          <Other>
            <CustomOptions Value="-dRemoteLog"/>
          </Other>
        </CompilerOptions>
      </Item12>
      <Item13 Name="haiku32QT5">
        <MacroValues Count="1">
          <Macro1 Name="LCLWidgetType" Value="qt5"/>
        </MacroValues>
        <CompilerOptions>
          <Version Value="11"/>
          <PathDelim Value="\"/>
          <Target>
            <Filename Value="deluxebin\haiku\fpcupdeluxe-i386-haiku-qt5\$NameOnly($(ProjFile))-$(TargetCPU)-$(TargetOS)-qt5"/>
          </Target>
          <SearchPaths>
            <IncludeFiles Value="$(ProjOutDir);..\mORMot"/>
            <OtherUnitFiles Value="crossinstallers;synaser;dcpcrypt;dcpcrypt\Ciphers;dcpcrypt\Hashes;logger;..\mORMot\CrossPlatform;..\mORMot2\src\core;..\mORMot2\src\lib;..\mORMot2\src\net;..\mORMot;..\mORMot\SQLite3;downloader\src\forms;downloader\src\common"/>
            <UnitOutputDirectory Value="libfpclazupdeluxe\$(TargetCPU)-$(TargetOS)-qt5"/>
          </SearchPaths>
          <CodeGeneration>
            <TargetCPU Value="i386"/>
            <TargetOS Value="haiku"/>
            <Optimizations>
              <OptimizationLevel Value="2"/>
            </Optimizations>
          </CodeGeneration>
          <Linking>
            <Debugging>
              <GenerateDebugInfo Value="False"/>
              <UseLineInfoUnit Value="False"/>
              <StripSymbols Value="True"/>
            </Debugging>
          </Linking>
          <Other>
            <CustomOptions Value="-dRemoteLog
-k&quot;-rpath=./&quot;
-k&quot;-rpath=$$ORIGIN&quot;
-k-rpath
-k/boot/system/lib/x86
-k-rpath
-k/boot/system/develop/lib/x86
-k-rpath
-k~/config/non-packaged/lib"/>
          </Other>
        </CompilerOptions>
      </Item13>
      <Item14 Name="haiku64QT5">
        <MacroValues Count="1">
          <Macro1 Name="LCLWidgetType" Value="qt5"/>
        </MacroValues>
        <CompilerOptions>
          <Version Value="11"/>
          <PathDelim Value="\"/>
          <Target>
            <Filename Value="deluxebin\haiku\fpcupdeluxe-x86_64-haiku-qt5\$NameOnly($(ProjFile))-$(TargetCPU)-$(TargetOS)-qt5"/>
          </Target>
          <SearchPaths>
            <IncludeFiles Value="$(ProjOutDir);..\mORMot"/>
            <OtherUnitFiles Value="crossinstallers;synaser;dcpcrypt;dcpcrypt\Ciphers;dcpcrypt\Hashes;logger;..\mORMot\CrossPlatform;..\mORMot2\src\core;..\mORMot2\src\lib;..\mORMot2\src\net;..\mORMot;..\mORMot\SQLite3;downloader\src\forms;downloader\src\common"/>
            <UnitOutputDirectory Value="libfpclazupdeluxe\$(TargetCPU)-$(TargetOS)-qt5"/>
          </SearchPaths>
          <CodeGeneration>
            <TargetCPU Value="x86_64"/>
            <TargetOS Value="haiku"/>
            <Optimizations>
              <OptimizationLevel Value="2"/>
            </Optimizations>
          </CodeGeneration>
          <Linking>
            <Debugging>
              <GenerateDebugInfo Value="False"/>
              <UseLineInfoUnit Value="False"/>
            </Debugging>
          </Linking>
          <Other>
            <CustomOptions Value="-dRemoteLog
-k&quot;-rpath=./&quot;
-k&quot;-rpath=$$ORIGIN&quot;
-k-rpath
-k/boot/system/lib
-k-rpath
-k/boot/system/develop/lib
-k-rpath
-k~/config/non-packaged/lib"/>
          </Other>
        </CompilerOptions>
      </Item14>
      <Item15 Name="darwinppccarbon">
        <MacroValues Count="1">
          <Macro3 Name="LCLWidgetType" Value="carbon"/>
        </MacroValues>
        <CompilerOptions>
          <Version Value="11"/>
          <PathDelim Value="\"/>
          <Target>
            <Filename Value="deluxebin\$NameOnly($(ProjFile))-$(TargetCPU)-$(TargetOS)-carbon"/>
          </Target>
          <SearchPaths>
            <IncludeFiles Value="$(ProjOutDir);..\mORMot"/>
            <OtherUnitFiles Value="crossinstallers;synaser;dcpcrypt;dcpcrypt\Ciphers;dcpcrypt\Hashes;logger;..\mORMot\CrossPlatform;..\mORMot2\src\core;..\mORMot2\src\lib;..\mORMot2\src\net;..\mORMot;..\mORMot\SQLite3;downloader\src\forms;downloader\src\common"/>
            <UnitOutputDirectory Value="libfpclazupdeluxe\$(TargetCPU)-$(TargetOS)-carbon"/>
          </SearchPaths>
          <CodeGeneration>
            <TargetCPU Value="powerpc"/>
            <TargetOS Value="darwin"/>
            <Optimizations>
              <OptimizationLevel Value="2"/>
            </Optimizations>
          </CodeGeneration>
          <Linking>
            <Debugging>
              <GenerateDebugInfo Value="False"/>
              <UseLineInfoUnit Value="False"/>
              <StripSymbols Value="True"/>
            </Debugging>
          </Linking>
          <Other>
            <CustomOptions Value="-dRemoteLog"/>
          </Other>
        </CompilerOptions>
      </Item15>
      <Item16 Name="darwinppccocoa">
        <MacroValues Count="1">
          <Macro2 Name="LCLWidgetType" Value="cocoa"/>
        </MacroValues>
        <CompilerOptions>
          <Version Value="11"/>
          <PathDelim Value="\"/>
          <Target>
            <Filename Value="deluxebin\$NameOnly($(ProjFile))-$(TargetCPU)-$(TargetOS)-cocoa"/>
          </Target>
          <SearchPaths>
            <IncludeFiles Value="$(ProjOutDir);..\mORMot"/>
            <OtherUnitFiles Value="crossinstallers;synaser;dcpcrypt;dcpcrypt\Ciphers;dcpcrypt\Hashes;logger;..\mORMot\CrossPlatform;..\mORMot2\src\core;..\mORMot2\src\lib;..\mORMot2\src\net;..\mORMot;..\mORMot\SQLite3;downloader\src\forms;downloader\src\common"/>
            <UnitOutputDirectory Value="libfpclazupdeluxe\$(TargetCPU)-$(TargetOS)-cocoa"/>
          </SearchPaths>
          <CodeGeneration>
            <TargetCPU Value="powerpc"/>
            <TargetOS Value="darwin"/>
            <Optimizations>
              <OptimizationLevel Value="2"/>
            </Optimizations>
          </CodeGeneration>
          <Linking>
            <Debugging>
              <GenerateDebugInfo Value="False"/>
              <UseLineInfoUnit Value="False"/>
              <StripSymbols Value="True"/>
            </Debugging>
          </Linking>
          <Other>
            <CustomOptions Value="-dRemoteLog"/>
          </Other>
        </CompilerOptions>
      </Item16>
      <Item17 Name="darwinppc64cocoa">
        <MacroValues Count="1">
          <Macro2 Name="LCLWidgetType" Value="cocoa"/>
        </MacroValues>
        <CompilerOptions>
          <Version Value="11"/>
          <PathDelim Value="\"/>
          <Target>
            <Filename Value="deluxebin\$NameOnly($(ProjFile))-$(TargetCPU)-$(TargetOS)-cocoa"/>
          </Target>
          <SearchPaths>
            <IncludeFiles Value="$(ProjOutDir);..\mORMot"/>
            <OtherUnitFiles Value="crossinstallers;synaser;dcpcrypt;dcpcrypt\Ciphers;dcpcrypt\Hashes;logger;..\mORMot\CrossPlatform;..\mORMot2\src\core;..\mORMot2\src\lib;..\mORMot2\src\net;..\mORMot;..\mORMot\SQLite3;downloader\src\forms;downloader\src\common"/>
            <UnitOutputDirectory Value="libfpclazupdeluxe\$(TargetCPU)-$(TargetOS)-cocoa"/>
          </SearchPaths>
          <CodeGeneration>
            <TargetCPU Value="powerpc64"/>
            <TargetOS Value="darwin"/>
            <Optimizations>
              <OptimizationLevel Value="2"/>
            </Optimizations>
          </CodeGeneration>
          <Linking>
            <Debugging>
              <GenerateDebugInfo Value="False"/>
              <UseLineInfoUnit Value="False"/>
              <StripSymbols Value="True"/>
            </Debugging>
          </Linking>
          <Other>
            <CustomOptions Value="-dRemoteLog"/>
          </Other>
        </CompilerOptions>
      </Item17>
      <SharedMatrixOptions Count="3">
        <Item1 ID="784204643275" Modes="darwin64QT5,haiku32QT5,haiku64QT5" Type="IDEMacro" MacroName="LCLWidgetType" Value="qt5"/>
        <Item2 ID="322994045052" Modes="darwin32cocoa,darwin64cocoa,darwinppc64cocoa,darwinppccocoa,darwinarm64cocoa" Type="IDEMacro" MacroName="LCLWidgetType" Value="cocoa"/>
        <Item3 ID="015223611220" Modes="darwin32carbon,darwinppccarbon" Type="IDEMacro" MacroName="LCLWidgetType" Value="carbon"/>
      </SharedMatrixOptions>
    </BuildModes>
    <PublishOptions>
      <Version Value="2"/>
    </PublishOptions>
    <RunParams>
      <FormatVersion Value="2"/>
      <Modes Count="1">
        <Mode0 Name="default"/>
      </Modes>
    </RunParams>
    <RequiredPackages Count="2">
      <Item1>
        <PackageName Value="SynEdit"/>
      </Item1>
      <Item2>
        <PackageName Value="LCL"/>
      </Item2>
    </RequiredPackages>
    <Units Count="7">
      <Unit0>
        <Filename Value="fpcupdeluxe.lpr"/>
        <IsPartOfProject Value="True"/>
      </Unit0>
      <Unit1>
        <Filename Value="fpcupdeluxemainform.pas"/>
        <IsPartOfProject Value="True"/>
        <ComponentName Value="Form1"/>
        <HasResources Value="True"/>
        <ResourceBaseClass Value="Form"/>
      </Unit1>
      <Unit2>
        <Filename Value="extrasettings.pas"/>
        <IsPartOfProject Value="True"/>
        <ComponentName Value="Form2"/>
        <HasResources Value="True"/>
        <ResourceBaseClass Value="Form"/>
      </Unit2>
      <Unit3>
        <Filename Value="syneditpopup.pas"/>
        <IsPartOfProject Value="True"/>
        <UnitName Value="SynEditPopup"/>
      </Unit3>
      <Unit4>
        <Filename Value="aboutfrm.pas"/>
        <IsPartOfProject Value="True"/>
        <ComponentName Value="AboutForm"/>
        <HasResources Value="True"/>
        <ResourceBaseClass Value="Form"/>
        <UnitName Value="AboutFrm"/>
      </Unit4>
      <Unit5>
        <Filename Value="infounit.pas"/>
        <IsPartOfProject Value="True"/>
        <ComponentName Value="InfoForm"/>
        <HasResources Value="True"/>
        <ResourceBaseClass Value="Form"/>
      </Unit5>
      <Unit6>
        <Filename Value="modulesettings.pas"/>
        <IsPartOfProject Value="True"/>
        <ComponentName Value="Form3"/>
        <HasResources Value="True"/>
        <ResourceBaseClass Value="Form"/>
      </Unit6>
    </Units>
  </ProjectOptions>
  <CompilerOptions>
    <Version Value="11"/>
    <PathDelim Value="\"/>
    <Target>
      <Filename Value="deluxebin\$NameOnly($(ProjFile))-$(TargetCPU)-$(TargetOS)"/>
    </Target>
    <SearchPaths>
      <IncludeFiles Value="$(ProjOutDir);..\mORMot"/>
      <Libraries Value="libs\win32"/>
      <OtherUnitFiles Value="crossinstallers;synaser;dcpcrypt;dcpcrypt\Ciphers;dcpcrypt\Hashes;logger;..\mORMot\CrossPlatform;..\mORMot2\src\core;..\mORMot2\src\lib;..\mORMot2\src\net;..\mORMot;..\mORMot\SQLite3;downloader\src\forms;downloader\src\common"/>
      <UnitOutputDirectory Value="libfpclazupdeluxe\$(TargetCPU)-$(TargetOS)"/>
    </SearchPaths>
    <Conditionals Value="if TargetOS=&apos;darwin&apos; then
   CustomOptions := &apos; -Cg-&apos;;
if TargetOS=&apos;openbsd&apos; then
   CustomOptions := &apos; -Cg-&apos;;"/>
    <CodeGeneration>
      <Optimizations>
        <OptimizationLevel Value="2"/>
      </Optimizations>
    </CodeGeneration>
    <Linking>
      <Debugging>
        <GenerateDebugInfo Value="False"/>
        <UseLineInfoUnit Value="False"/>
      </Debugging>
    </Linking>
    <Other>
      <CustomOptions Value="-dRemoteLog"/>
    </Other>
  </CompilerOptions>
  <Debugging>
    <Exceptions Count="7">
      <Item1>
        <Name Value="EAbort"/>
      </Item1>
      <Item2>
        <Name Value="ECodetoolError"/>
      </Item2>
      <Item3>
        <Name Value="EFOpenError"/>
      </Item3>
      <Item4>
        <Name Value="EProcess"/>
      </Item4>
      <Item5>
        <Name Value="EInOutError"/>
      </Item5>
      <Item6>
        <Name Value="ESocketError"/>
      </Item6>
      <Item7>
        <Name Value="ESSLSocketError"/>
      </Item7>
    </Exceptions>
  </Debugging>
</CONFIG>
