<?xml version="1.0"?>
<CONFIG>
  <ProjectOptions>
    <Version Value="9"/>
    <PathDelim Value="\"/>
    <General>
      <Flags>
        <SaveOnlyProjectUnits Value="True"/>
        <MainUnitHasCreateFormStatements Value="False"/>
        <MainUnitHasTitleStatement Value="False"/>
      </Flags>
      <SessionStorage Value="InProjectDir"/>
      <MainUnit Value="0"/>
      <Title Value="FPCUp"/>
      <ResourceType Value="res"/>
    </General>
    <i18n>
      <EnableI18N LFM="False"/>
    </i18n>
    <VersionInfo>
      <StringTable ProductVersion=""/>
    </VersionInfo>
    <MacroValues Count="1">
      <Macro1 Name="LCLWidgetType" Value="nogui"/>
    </MacroValues>
    <BuildModes Count="3">
      <Item1 Name="Default" Default="True"/>
      <Item2 Name="Debug">
        <MacroValues Count="1">
          <Macro1 Name="LCLWidgetType" Value="nogui"/>
        </MacroValues>
        <CompilerOptions>
          <Version Value="11"/>
          <PathDelim Value="\"/>
          <SearchPaths>
            <IncludeFiles Value="$(ProjOutDir)"/>
          </SearchPaths>
          <CodeGeneration>
            <Checks>
              <IOChecks Value="True"/>
              <RangeChecks Value="True"/>
              <OverflowChecks Value="True"/>
              <StackChecks Value="True"/>
            </Checks>
          </CodeGeneration>
          <Linking>
            <Debugging>
              <DebugInfoType Value="dsDwarf2Set"/>
              <UseHeaptrc Value="True"/>
            </Debugging>
          </Linking>
          <Other>
            <CompilerMessages>
              <UseMsgFile Value="True"/>
            </CompilerMessages>
            <CustomOptions Value="-dDEBUG"/>
            <CompilerPath Value="$(CompPath)"/>
          </Other>
        </CompilerOptions>
      </Item2>
      <Item3 Name="64bit">
        <MacroValues Count="1">
          <Macro1 Name="LCLWidgetType" Value="nogui"/>
        </MacroValues>
        <CompilerOptions>
          <Version Value="11"/>
          <PathDelim Value="\"/>
          <Target>
            <Filename Value="fpcup64"/>
          </Target>
          <SearchPaths>
            <IncludeFiles Value="$(ProjOutDir)"/>
          </SearchPaths>
          <Conditionals Value="if TargetOS = 'darwin' then begin
  UsageCustomOptions += ' -k-macosx_version_min -k10.6';
  UsageCustomOptions += ' -XR/Developer/SDKs/MacOSX10.6.sdk/';
end;"/>
          <CodeGeneration>
            <SmartLinkUnit Value="True"/>
            <Checks>
              <IOChecks Value="True"/>
              <RangeChecks Value="True"/>
              <OverflowChecks Value="True"/>
              <StackChecks Value="True"/>
            </Checks>
            <TargetCPU Value="x86_64"/>
            <TargetOS Value="win64"/>
          </CodeGeneration>
          <Linking>
            <Debugging>
              <UseExternalDbgSyms Value="True"/>
            </Debugging>
            <LinkSmart Value="True"/>
          </Linking>
          <Other>
            <CompilerMessages>
              <UseMsgFile Value="True"/>
            </CompilerMessages>
            <CompilerPath Value="$(CompPath)"/>
          </Other>
        </CompilerOptions>
      </Item3>
    </BuildModes>
    <PublishOptions>
      <Version Value="2"/>
      <IncludeFileFilter Value="*.(pas|pp|inc|lfm|lpr|lrs|lpi|lpk|sh|xml)"/>
      <ExcludeFileFilter Value="*.(bak|ppu|o|so);*~;backup"/>
    </PublishOptions>
    <RunParams>
      <local>
        <FormatVersion Value="1"/>
        <CommandLineParams Value="--fpcbootstrapdir=c:\windows\temp\boostrap --binutilsdir=c:\windows\temp\boostrap --keeplocalchanges"/>
        <LaunchingApplication PathPlusParams="\usr\bin\xterm -T 'Lazarus Run Output' -e $(LazarusDir)\tools\runwait.sh $(TargetCmdLine)"/>
      </local>
    </RunParams>
    <RequiredPackages Count="2">
      <Item1>
        <PackageName Value="LazUtils"/>
      </Item1>
      <Item2>
        <PackageName Value="LCL"/>
      </Item2>
    </RequiredPackages>
    <Units Count="15">
      <Unit0>
        <Filename Value="fpcup.lpr"/>
        <IsPartOfProject Value="True"/>
        <UnitName Value="fpcup"/>
      </Unit0>
      <Unit1>
        <Filename Value="installer.pas"/>
        <IsPartOfProject Value="True"/>
        <UnitName Value="installer"/>
      </Unit1>
      <Unit2>
        <Filename Value="svnclient.pas"/>
        <IsPartOfProject Value="True"/>
        <UnitName Value="svnclient"/>
      </Unit2>
      <Unit3>
        <Filename Value="updatelazconfig.pas"/>
        <IsPartOfProject Value="True"/>
        <UnitName Value="updatelazconfig"/>
      </Unit3>
      <Unit4>
        <Filename Value="processutils.pas"/>
        <IsPartOfProject Value="True"/>
        <UnitName Value="processutils"/>
      </Unit4>
      <Unit5>
        <Filename Value="installercore.pas"/>
        <IsPartOfProject Value="True"/>
        <UnitName Value="installerCore"/>
      </Unit5>
      <Unit6>
        <Filename Value="installerfpc.pas"/>
        <IsPartOfProject Value="True"/>
        <UnitName Value="installerFpc"/>
      </Unit6>
      <Unit7>
        <Filename Value="installerlazarus.pas"/>
        <IsPartOfProject Value="True"/>
        <UnitName Value="installerLazarus"/>
      </Unit7>
      <Unit8>
        <Filename Value="installerhelp.pas"/>
        <IsPartOfProject Value="True"/>
        <UnitName Value="installerHelp"/>
      </Unit8>
      <Unit9>
        <Filename Value="installeruniversal.pas"/>
        <IsPartOfProject Value="True"/>
        <UnitName Value="installerUniversal"/>
      </Unit9>
      <Unit10>
        <Filename Value="fpcup.ini"/>
        <IsPartOfProject Value="True"/>
      </Unit10>
      <Unit11>
        <Filename Value="installermanager.pas"/>
        <IsPartOfProject Value="True"/>
        <UnitName Value="installerManager"/>
      </Unit11>
      <Unit12>
        <Filename Value="fpcuputil.pas"/>
        <IsPartOfProject Value="True"/>
        <UnitName Value="fpcuputil"/>
      </Unit12>
      <Unit13>
        <Filename Value="m_crosswin64.pas"/>
        <IsPartOfProject Value="True"/>
        <UnitName Value="m_crosswin64"/>
      </Unit13>
      <Unit14>
        <Filename Value="m_crosswin32.pas"/>
        <IsPartOfProject Value="True"/>
        <UnitName Value="m_crosswin32"/>
      </Unit14>
    </Units>
  </ProjectOptions>
  <CompilerOptions>
    <Version Value="11"/>
    <PathDelim Value="\"/>
    <SearchPaths>
      <IncludeFiles Value="$(ProjOutDir)"/>
    </SearchPaths>
    <Conditionals Value="if TargetOS = 'darwin' then begin
  UsageCustomOptions += ' -k-macosx_version_min -k10.6';
  UsageCustomOptions += ' -XR/Developer/SDKs/MacOSX10.6.sdk/';
end;"/>
    <CodeGeneration>
      <SmartLinkUnit Value="True"/>
      <Checks>
        <IOChecks Value="True"/>
        <RangeChecks Value="True"/>
        <OverflowChecks Value="True"/>
        <StackChecks Value="True"/>
      </Checks>
      <Optimizations>
        <OptimizationLevel Value="2"/>
      </Optimizations>
    </CodeGeneration>
    <Linking>
      <Debugging>
        <UseExternalDbgSyms Value="True"/>
      </Debugging>
      <LinkSmart Value="True"/>
    </Linking>
    <Other>
      <CompilerMessages>
        <UseMsgFile Value="True"/>
      </CompilerMessages>
      <CompilerPath Value="$(CompPath)"/>
    </Other>
  </CompilerOptions>
  <Debugging>
    <Exceptions Count="3">
      <Item1>
        <Name Value="EAbort"/>
      </Item1>
      <Item2>
        <Name Value="ECodetoolError"/>
      </Item2>
      <Item3>
        <Name Value="EFOpenError"/>
      </Item3>
    </Exceptions>
  </Debugging>
</CONFIG>
