<?xml version="1.0" encoding="UTF-8"?>
<CONFIG>
  <ProjectOptions>
    <Version Value="9"/>
    <PathDelim Value="\"/>
    <General>
      <Flags>
        <SaveOnlyProjectUnits Value="True"/>
        <MainUnitHasCreateFormStatements Value="False"/>
        <MainUnitHasTitleStatement Value="False"/>
      </Flags>
      <SessionStorage Value="InProjectDir"/>
      <MainUnit Value="0"/>
      <Title Value="fpcup"/>
      <UseAppBundle Value="False"/>
      <ResourceType Value="res"/>
      <Icon Value="0"/>
      <Resources Count="2">
        <Resource_0 FileName="fpcup.ini" Type="RCDATA" ResourceName="FPCUP_INI"/>
        <Resource_1 FileName="settings.ini" Type="RCDATA" ResourceName="SETTINGS_INI"/>
      </Resources>
    </General>
    <i18n>
      <EnableI18N LFM="False"/>
    </i18n>
    <VersionInfo>
      <StringTable ProductVersion=""/>
    </VersionInfo>
    <MacroValues Count="1">
      <Macro1 Name="LCLWidgetType" Value="nogui"/>
    </MacroValues>
    <BuildModes Count="8">
      <Item1 Name="Default" Default="True"/>
      <Item2 Name="Debug">
        <MacroValues Count="1">
          <Macro1 Name="LCLWidgetType" Value="nogui"/>
        </MacroValues>
        <CompilerOptions>
          <Version Value="11"/>
          <PathDelim Value="\"/>
          <Target>
            <Filename Value="bin\$(TargetCPU)-$(TargetOS)\fpcup"/>
          </Target>
          <SearchPaths>
            <IncludeFiles Value="$(ProjOutDir)"/>
            <OtherUnitFiles Value="synaser"/>
            <UnitOutputDirectory Value="libfpcup\$(TargetCPU)-$(TargetOS)"/>
          </SearchPaths>
          <Conditionals Value="if TargetOS = 'darwin' then begin
  UsageCustomOptions += ' -k-macosx_version_min -k10.6';
  UsageCustomOptions += ' -XR/Developer/SDKs/MacOSX10.6.sdk/';
end;"/>
          <Parsing>
            <SyntaxOptions>
              <IncludeAssertionCode Value="True"/>
            </SyntaxOptions>
          </Parsing>
          <CodeGeneration>
            <Checks>
              <IOChecks Value="True"/>
              <RangeChecks Value="True"/>
              <OverflowChecks Value="True"/>
              <StackChecks Value="True"/>
            </Checks>
            <Optimizations>
              <OptimizationLevel Value="0"/>
            </Optimizations>
          </CodeGeneration>
          <Linking>
            <Debugging>
              <StripSymbols Value="True"/>
            </Debugging>
          </Linking>
          <Other>
            <Verbosity>
              <ShowAll Value="True"/>
            </Verbosity>
            <WriteFPCLogo Value="False"/>
            <CustomOptions Value="-dDEBUG -dFPCONLY"/>
            <ExecuteBefore>
              <CompileReasons Run="False"/>
            </ExecuteBefore>
          </Other>
        </CompilerOptions>
      </Item2>
      <Item3 Name="win32">
        <MacroValues Count="1">
          <Macro1 Name="LCLWidgetType" Value="nogui"/>
        </MacroValues>
        <CompilerOptions>
          <Version Value="11"/>
          <PathDelim Value="\"/>
          <Target>
            <Filename Value="bin\$(TargetCPU)-$(TargetOS)\fpcup"/>
          </Target>
          <SearchPaths>
            <IncludeFiles Value="$(ProjOutDir)"/>
            <OtherUnitFiles Value="synaser"/>
            <UnitOutputDirectory Value="libfpcup\$(TargetCPU)-$(TargetOS)"/>
          </SearchPaths>
          <CodeGeneration>
            <SmartLinkUnit Value="True"/>
            <TargetCPU Value="i386"/>
            <TargetOS Value="win32"/>
            <Optimizations>
              <OptimizationLevel Value="2"/>
            </Optimizations>
          </CodeGeneration>
          <Linking>
            <Debugging>
              <GenerateDebugInfo Value="False"/>
              <StripSymbols Value="True"/>
              <UseExternalDbgSyms Value="True"/>
            </Debugging>
            <LinkSmart Value="True"/>
          </Linking>
          <Other>
            <WriteFPCLogo Value="False"/>
            <CustomOptions Value="-dFPCONLY"/>
            <ExecuteBefore>
              <CompileReasons Run="False"/>
            </ExecuteBefore>
          </Other>
        </CompilerOptions>
      </Item3>
      <Item4 Name="win64">
        <CompilerOptions>
          <Version Value="11"/>
          <PathDelim Value="\"/>
          <Target>
            <Filename Value="bin\$(TargetCPU)-$(TargetOS)\fpcup64"/>
          </Target>
          <SearchPaths>
            <IncludeFiles Value="$(ProjOutDir)"/>
            <OtherUnitFiles Value="synaser"/>
            <UnitOutputDirectory Value="libfpcup\$(TargetCPU)-$(TargetOS)"/>
          </SearchPaths>
          <CodeGeneration>
            <SmartLinkUnit Value="True"/>
            <TargetCPU Value="x86_64"/>
            <TargetOS Value="win64"/>
            <Optimizations>
              <OptimizationLevel Value="2"/>
            </Optimizations>
          </CodeGeneration>
          <Linking>
            <Debugging>
              <GenerateDebugInfo Value="False"/>
              <StripSymbols Value="True"/>
              <UseExternalDbgSyms Value="True"/>
            </Debugging>
            <LinkSmart Value="True"/>
          </Linking>
          <Other>
            <WriteFPCLogo Value="False"/>
            <CustomOptions Value="-dFPCONLY"/>
            <ExecuteBefore>
              <CompileReasons Run="False"/>
            </ExecuteBefore>
          </Other>
        </CompilerOptions>
      </Item4>
      <Item5 Name="linuxi386">
        <CompilerOptions>
          <Version Value="11"/>
          <PathDelim Value="\"/>
          <Target>
            <Filename Value="bin\$(TargetCPU)-$(TargetOS)\fpcup_linux_x86"/>
          </Target>
          <SearchPaths>
            <IncludeFiles Value="$(ProjOutDir)"/>
            <OtherUnitFiles Value="synaser"/>
            <UnitOutputDirectory Value="libfpcup\$(TargetCPU)-$(TargetOS)"/>
          </SearchPaths>
          <CodeGeneration>
            <SmartLinkUnit Value="True"/>
            <TargetCPU Value="i386"/>
            <TargetOS Value="linux"/>
            <Optimizations>
              <OptimizationLevel Value="2"/>
            </Optimizations>
          </CodeGeneration>
          <Linking>
            <Debugging>
              <GenerateDebugInfo Value="False"/>
              <StripSymbols Value="True"/>
              <UseExternalDbgSyms Value="True"/>
            </Debugging>
            <LinkSmart Value="True"/>
          </Linking>
          <Other>
            <Verbosity>
              <ShowAll Value="True"/>
            </Verbosity>
            <WriteFPCLogo Value="False"/>
            <CustomOptions Value="-dFPCONLY"/>
            <ExecuteBefore>
              <CompileReasons Run="False"/>
            </ExecuteBefore>
          </Other>
        </CompilerOptions>
      </Item5>
      <Item6 Name="androidarm">
        <CompilerOptions>
          <Version Value="11"/>
          <PathDelim Value="\"/>
          <Target>
            <Filename Value="bin\$(TargetCPU)-$(TargetOS)\fpcup_linux_arm"/>
          </Target>
          <SearchPaths>
            <IncludeFiles Value="$(ProjOutDir)"/>
            <OtherUnitFiles Value="synaser"/>
            <UnitOutputDirectory Value="libfpcup\$(TargetCPU)-$(TargetOS)"/>
          </SearchPaths>
          <CodeGeneration>
            <SmartLinkUnit Value="True"/>
            <TargetProcessor Value="ARMV6"/>
            <TargetCPU Value="arm"/>
            <TargetOS Value="android"/>
            <Optimizations>
              <OptimizationLevel Value="2"/>
            </Optimizations>
          </CodeGeneration>
          <Linking>
            <Debugging>
              <GenerateDebugInfo Value="False"/>
              <StripSymbols Value="True"/>
              <UseExternalDbgSyms Value="True"/>
            </Debugging>
            <LinkSmart Value="True"/>
          </Linking>
          <Other>
            <WriteFPCLogo Value="False"/>
            <CustomOptions Value="-CpARMV7A -CfVFPV3 -OoFASTMATH -dFPCONLY"/>
            <ExecuteBefore>
              <CompileReasons Run="False"/>
            </ExecuteBefore>
          </Other>
        </CompilerOptions>
      </Item6>
      <Item7 Name="linux64">
        <CompilerOptions>
          <Version Value="11"/>
          <PathDelim Value="\"/>
          <Target>
            <Filename Value="bin\$(TargetCPU)-$(TargetOS)\fpcup_linux_x64"/>
          </Target>
          <SearchPaths>
            <IncludeFiles Value="$(ProjOutDir)"/>
            <OtherUnitFiles Value="synaser"/>
            <UnitOutputDirectory Value="libfpcup\$(TargetCPU)-$(TargetOS)"/>
          </SearchPaths>
          <CodeGeneration>
            <SmartLinkUnit Value="True"/>
            <TargetCPU Value="x86_64"/>
            <TargetOS Value="linux"/>
            <Optimizations>
              <OptimizationLevel Value="2"/>
            </Optimizations>
          </CodeGeneration>
          <Linking>
            <Debugging>
              <GenerateDebugInfo Value="False"/>
              <StripSymbols Value="True"/>
              <UseExternalDbgSyms Value="True"/>
            </Debugging>
            <LinkSmart Value="True"/>
          </Linking>
          <Other>
            <Verbosity>
              <ShowAll Value="True"/>
            </Verbosity>
            <WriteFPCLogo Value="False"/>
            <CustomOptions Value="-dFPCONLY"/>
            <ExecuteBefore>
              <CompileReasons Run="False"/>
            </ExecuteBefore>
          </Other>
        </CompilerOptions>
      </Item7>
      <Item8 Name="linuxaarch64">
        <CompilerOptions>
          <Version Value="11"/>
          <PathDelim Value="\"/>
          <Target>
            <Filename Value="bin\$(TargetCPU)-$(TargetOS)\fpcup_linux_aarch64"/>
          </Target>
          <SearchPaths>
            <IncludeFiles Value="$(ProjOutDir)"/>
            <OtherUnitFiles Value="synaser"/>
            <UnitOutputDirectory Value="libfpcup\$(TargetCPU)-$(TargetOS)"/>
          </SearchPaths>
          <CodeGeneration>
            <SmartLinkUnit Value="True"/>
            <TargetCPU Value="aarch64"/>
            <TargetOS Value="linux"/>
            <Optimizations>
              <OptimizationLevel Value="2"/>
            </Optimizations>
          </CodeGeneration>
          <Linking>
            <Debugging>
              <GenerateDebugInfo Value="False"/>
              <StripSymbols Value="True"/>
              <UseExternalDbgSyms Value="True"/>
            </Debugging>
            <LinkSmart Value="True"/>
          </Linking>
          <Other>
            <Verbosity>
              <ShowAll Value="True"/>
            </Verbosity>
            <WriteFPCLogo Value="False"/>
            <CustomOptions Value="-dFPCONLY"/>
            <ExecuteBefore>
              <CompileReasons Run="False"/>
            </ExecuteBefore>
          </Other>
        </CompilerOptions>
      </Item8>
      <SharedMatrixOptions Count="1">
        <Item1 ID="233755810855" Modes="Default,Debug,win32" Type="IDEMacro" MacroName="LCLWidgetType" Value="nogui"/>
      </SharedMatrixOptions>
    </BuildModes>
    <PublishOptions>
      <Version Value="2"/>
      <IncludeFileFilter Value="*.(pas|pp|inc|lfm|lpr|lrs|lpi|lpk|sh|xml)"/>
      <ExcludeFileFilter Value="*.(bak|ppu|o|so);*~;backup"/>
    </PublishOptions>
    <RunParams>
      <local>
        <FormatVersion Value="1"/>
        <CommandLineParams Value="--inifile=rein.ini --inisection=linuxarm --noconfirm"/>
      </local>
    </RunParams>
    <RequiredPackages Count="2">
      <Item1>
        <PackageName Value="LCLBase"/>
      </Item1>
      <Item2>
        <PackageName Value="LazUtils"/>
      </Item2>
    </RequiredPackages>
    <Units Count="46">
      <Unit0>
        <Filename Value="fpcup.lpr"/>
        <IsPartOfProject Value="True"/>
      </Unit0>
      <Unit1>
        <Filename Value="svnclient.pas"/>
        <IsPartOfProject Value="True"/>
      </Unit1>
      <Unit2>
        <Filename Value="updatelazconfig.pas"/>
        <IsPartOfProject Value="True"/>
      </Unit2>
      <Unit3>
        <Filename Value="processutils.pas"/>
        <IsPartOfProject Value="True"/>
      </Unit3>
      <Unit4>
        <Filename Value="installercore.pas"/>
        <IsPartOfProject Value="True"/>
        <UnitName Value="installerCore"/>
      </Unit4>
      <Unit5>
        <Filename Value="installerfpc.pas"/>
        <IsPartOfProject Value="True"/>
        <UnitName Value="installerFpc"/>
      </Unit5>
      <Unit6>
        <Filename Value="installerlazarus.pas"/>
        <IsPartOfProject Value="True"/>
        <UnitName Value="installerLazarus"/>
      </Unit6>
      <Unit7>
        <Filename Value="installerhelp.pas"/>
        <IsPartOfProject Value="True"/>
        <UnitName Value="installerHelp"/>
      </Unit7>
      <Unit8>
        <Filename Value="installeruniversal.pas"/>
        <IsPartOfProject Value="True"/>
        <UnitName Value="installerUniversal"/>
      </Unit8>
      <Unit9>
        <Filename Value="fpcup.ini"/>
        <IsPartOfProject Value="True"/>
      </Unit9>
      <Unit10>
        <Filename Value="installermanager.pas"/>
        <IsPartOfProject Value="True"/>
        <UnitName Value="installerManager"/>
      </Unit10>
      <Unit11>
        <Filename Value="fpcuputil.pas"/>
        <IsPartOfProject Value="True"/>
      </Unit11>
      <Unit12>
        <Filename Value="m_crosswin64.pas"/>
        <IsPartOfProject Value="True"/>
      </Unit12>
      <Unit13>
        <Filename Value="m_crosswin32.pas"/>
        <IsPartOfProject Value="True"/>
      </Unit13>
      <Unit14>
        <Filename Value="wininstaller.pas"/>
        <IsPartOfProject Value="True"/>
      </Unit14>
      <Unit15>
        <Filename Value="commandline.pas"/>
        <IsPartOfProject Value="True"/>
      </Unit15>
      <Unit16>
        <Filename Value="hgclient.pas"/>
        <IsPartOfProject Value="True"/>
      </Unit16>
      <Unit17>
        <Filename Value="repoclient.pas"/>
        <IsPartOfProject Value="True"/>
      </Unit17>
      <Unit18>
        <Filename Value="gitclient.pas"/>
        <IsPartOfProject Value="True"/>
      </Unit18>
      <Unit19>
        <Filename Value="m_freebsd_to_linux386.pas"/>
        <IsPartOfProject Value="True"/>
      </Unit19>
      <Unit20>
        <Filename Value="m_freebsd64_to_freebsd32.pas"/>
        <IsPartOfProject Value="True"/>
      </Unit20>
      <Unit21>
        <Filename Value="m_freebsd_to_linux64.pas"/>
        <IsPartOfProject Value="True"/>
      </Unit21>
      <Unit22>
        <Filename Value="m_anyinternallinker_to_win386.pas"/>
        <IsPartOfProject Value="True"/>
      </Unit22>
      <Unit23>
        <Filename Value="settings.ini"/>
        <IsPartOfProject Value="True"/>
      </Unit23>
      <Unit24>
        <Filename Value="m_crossinstaller.pas"/>
        <IsPartOfProject Value="True"/>
      </Unit24>
      <Unit25>
        <Filename Value="m_win32_to_linux386.pas"/>
        <IsPartOfProject Value="True"/>
      </Unit25>
      <Unit26>
        <Filename Value="m_any_to_aixpowerpc.pas"/>
        <IsPartOfProject Value="True"/>
      </Unit26>
      <Unit27>
        <Filename Value="m_win64_to_linux64.pas"/>
        <IsPartOfProject Value="True"/>
      </Unit27>
      <Unit28>
        <Filename Value="m_anyinternallinker_to_win64.pas"/>
        <IsPartOfProject Value="True"/>
      </Unit28>
      <Unit29>
        <Filename Value="m_any_to_androidarm.pas"/>
        <IsPartOfProject Value="True"/>
      </Unit29>
      <Unit30>
        <Filename Value="m_any_to_linuxmipsel.pas"/>
        <IsPartOfProject Value="True"/>
      </Unit30>
      <Unit31>
        <Filename Value="m_win32_to_go32v2i386.pas"/>
        <IsPartOfProject Value="True"/>
      </Unit31>
      <Unit32>
        <Filename Value="m_win32_to_wincearm.pas"/>
        <IsPartOfProject Value="True"/>
      </Unit32>
      <Unit33>
        <Filename Value="m_linux386_to_mips.pas"/>
        <IsPartOfProject Value="True"/>
      </Unit33>
      <Unit34>
        <Filename Value="m_win32_to_msdosi8086.pas"/>
        <IsPartOfProject Value="True"/>
      </Unit34>
      <Unit35>
        <Filename Value="m_any_to_embeddedarm.pas"/>
        <IsPartOfProject Value="True"/>
      </Unit35>
      <Unit36>
        <Filename Value="m_win32_to_linuxmips.pas"/>
        <IsPartOfProject Value="True"/>
      </Unit36>
      <Unit37>
        <Filename Value="cpucount.pas"/>
        <IsPartOfProject Value="True"/>
      </Unit37>
      <Unit38>
        <Filename Value="m_any_to_linux386.pas"/>
        <IsPartOfProject Value="True"/>
      </Unit38>
      <Unit39>
        <Filename Value="hgversion.pas"/>
        <IsPartOfProject Value="True"/>
      </Unit39>
      <Unit40>
        <Filename Value="jedi.inc"/>
        <IsPartOfProject Value="True"/>
      </Unit40>
      <Unit41>
        <Filename Value="m_linux386_to_mipsel.pas"/>
        <IsPartOfProject Value="True"/>
      </Unit41>
      <Unit42>
        <Filename Value="revision.inc"/>
        <IsPartOfProject Value="True"/>
      </Unit42>
      <Unit43>
        <Filename Value="m_any_to_linuxarm.pas"/>
        <IsPartOfProject Value="True"/>
      </Unit43>
      <Unit44>
        <Filename Value="m_any_to_androidjvm.pas"/>
        <IsPartOfProject Value="True"/>
      </Unit44>
      <Unit45>
        <Filename Value="m_any_to_javajvm.pas"/>
        <IsPartOfProject Value="True"/>
      </Unit45>
    </Units>
  </ProjectOptions>
  <CompilerOptions>
    <Version Value="11"/>
    <PathDelim Value="\"/>
    <Target>
      <Filename Value="bin\$(TargetCPU)-$(TargetOS)\fpcup"/>
    </Target>
    <SearchPaths>
      <IncludeFiles Value="$(ProjOutDir)"/>
      <OtherUnitFiles Value="synaser"/>
      <UnitOutputDirectory Value="libfpcup\$(TargetCPU)-$(TargetOS)"/>
    </SearchPaths>
    <Conditionals Value="if TargetOS = 'darwin' then begin
  UsageCustomOptions += ' -k-macosx_version_min -k10.6';
  UsageCustomOptions += ' -XR/Developer/SDKs/MacOSX10.6.sdk/';
end;"/>
    <CodeGeneration>
      <SmartLinkUnit Value="True"/>
      <Optimizations>
        <OptimizationLevel Value="2"/>
      </Optimizations>
    </CodeGeneration>
    <Linking>
      <Debugging>
        <GenerateDebugInfo Value="False"/>
        <UseExternalDbgSyms Value="True"/>
      </Debugging>
      <LinkSmart Value="True"/>
    </Linking>
    <Other>
      <WriteFPCLogo Value="False"/>
      <CustomOptions Value="-dFPCONLY"/>
      <ExecuteBefore>
        <CompileReasons Run="False"/>
      </ExecuteBefore>
    </Other>
  </CompilerOptions>
  <Debugging>
    <Exceptions Count="5">
      <Item1>
        <Name Value="EAbort"/>
      </Item1>
      <Item2>
        <Name Value="ECodetoolError"/>
      </Item2>
      <Item3>
        <Name Value="EFOpenError"/>
      </Item3>
      <Item4>
        <Name Value="EProcess"/>
      </Item4>
      <Item5>
        <Name Value="ECommandLineError"/>
      </Item5>
    </Exceptions>
  </Debugging>
</CONFIG>
