<?xml version="1.0" encoding="UTF-8"?>
<CONFIG>
  <ProjectOptions>
    <Version Value="12"/>
    <PathDelim Value="\"/>
    <General>
      <Flags>
        <CompatibilityMode Value="True"/>
      </Flags>
      <SessionStorage Value="InProjectDir"/>
      <Title Value="fpcupdeluxe"/>
      <ResourceType Value="res"/>
      <UseXPManifest Value="True"/>
      <XPManifest>
        <DpiAware Value="True/PM"/>
      </XPManifest>
      <Icon Value="0"/>
      <Resources Count="5">
        <Resource_0 FileName="fpcup.ini" Type="RCDATA" ResourceName="FPCUP_INI"/>
        <Resource_1 FileName="settings.ini" Type="RCDATA" ResourceName="SETTINGS_INI"/>
        <Resource_2 FileName="chimp.png" Type="RCDATA" ResourceName="SPLASH_LOGO"/>
        <Resource_3 FileName="languages\fpcupdeluxe.en.po" Type="RCDATA" ResourceName="FPCUPDELUXE.EN"/>
        <Resource_4 FileName="languages\fpcupdeluxe.zh.po" Type="RCDATA" ResourceName="FPCUPDELUXE.ZH"/>
      </Resources>
    </General>
    <i18n>
      <EnableI18N Value="True" LFM="False"/>
      <OutDir Value="languages"/>
      <ExcludedIdentifiers Count="1">
        <Item1 Value="tform1.caption"/>
      </ExcludedIdentifiers>
    </i18n>
    <BuildModes Count="1">
      <Item1 Name="Default" Default="True"/>
    </BuildModes>
    <PublishOptions>
      <Version Value="2"/>
    </PublishOptions>
    <RunParams>
      <FormatVersion Value="2"/>
      <Modes Count="1">
        <Mode0 Name="default"/>
      </Modes>
    </RunParams>
    <RequiredPackages Count="2">
      <Item1>
        <PackageName Value="SynEdit"/>
      </Item1>
      <Item2>
        <PackageName Value="LCL"/>
      </Item2>
    </RequiredPackages>
    <Units Count="7">
      <Unit0>
        <Filename Value="fpcupdeluxe.lpr"/>
        <IsPartOfProject Value="True"/>
      </Unit0>
      <Unit1>
        <Filename Value="fpcupdeluxemainform.pas"/>
        <IsPartOfProject Value="True"/>
        <ComponentName Value="Form1"/>
        <HasResources Value="True"/>
        <ResourceBaseClass Value="Form"/>
      </Unit1>
      <Unit2>
        <Filename Value="extrasettings.pas"/>
        <IsPartOfProject Value="True"/>
        <ComponentName Value="Form2"/>
        <HasResources Value="True"/>
        <ResourceBaseClass Value="Form"/>
      </Unit2>
      <Unit3>
        <Filename Value="syneditpopup.pas"/>
        <IsPartOfProject Value="True"/>
        <UnitName Value="SynEditPopup"/>
      </Unit3>
      <Unit4>
        <Filename Value="aboutfrm.pas"/>
        <IsPartOfProject Value="True"/>
        <ComponentName Value="AboutForm"/>
        <HasResources Value="True"/>
        <ResourceBaseClass Value="Form"/>
        <UnitName Value="AboutFrm"/>
      </Unit4>
      <Unit5>
        <Filename Value="infounit.pas"/>
        <IsPartOfProject Value="True"/>
        <ComponentName Value="InfoForm"/>
        <HasResources Value="True"/>
        <ResourceBaseClass Value="Form"/>
      </Unit5>
      <Unit6>
        <Filename Value="modulesettings.pas"/>
        <IsPartOfProject Value="True"/>
        <ComponentName Value="Form3"/>
        <HasResources Value="True"/>
        <ResourceBaseClass Value="Form"/>
      </Unit6>
    </Units>
  </ProjectOptions>
  <CompilerOptions>
    <Version Value="11"/>
    <PathDelim Value="\"/>
    <Target>
      <Filename Value="deluxebin\$NameOnly($(ProjFile))-$(TargetCPU)-$(TargetOS)"/>
    </Target>
    <SearchPaths>
      <IncludeFiles Value="$(ProjOutDir);..\mORMot"/>
      <OtherUnitFiles Value="crossinstallers;synaser;dcpcrypt;dcpcrypt\Ciphers;dcpcrypt\Hashes;logger;..\mORMot;..\mORMot\SQLite3;downloader\src\forms;downloader\src\common;..\mORMot\CrossPlatform;..\mORMot2\src\core;..\mORMot2\src\lib;..\mORMot2\src\net"/>
      <UnitOutputDirectory Value="libfpclazupdeluxe\$(TargetCPU)-$(TargetOS)"/>
    </SearchPaths>
    <Linking>
      <Options>
        <Win32>
          <GraphicApplication Value="True"/>
        </Win32>
      </Options>
    </Linking>
    <Other>
      <Verbosity>
        <ShowNotes Value="False"/>
        <ShowHints Value="False"/>
      </Verbosity>
    </Other>
  </CompilerOptions>
  <Debugging>
    <Exceptions Count="7">
      <Item1>
        <Name Value="EAbort"/>
      </Item1>
      <Item2>
        <Name Value="ECodetoolError"/>
      </Item2>
      <Item3>
        <Name Value="EFOpenError"/>
      </Item3>
      <Item4>
        <Name Value="EProcess"/>
      </Item4>
      <Item5>
        <Name Value="EInOutError"/>
      </Item5>
      <Item6>
        <Name Value="ESocketError"/>
      </Item6>
      <Item7>
        <Name Value="ESSLSocketError"/>
      </Item7>
    </Exceptions>
  </Debugging>
</CONFIG>
