<?xml version="1.0" encoding="UTF-8"?>
<CONFIG>
  <ProjectOptions>
    <Version Value="12"/>
    <PathDelim Value="\"/>
    <General>
      <Flags>
        <CompatibilityMode Value="True"/>
      </Flags>
      <SessionStorage Value="InProjectDir"/>
      <Title Value="fpcupdeluxetrunk"/>
      <Scaled Value="True"/>
      <ResourceType Value="res"/>
      <UseXPManifest Value="True"/>
      <XPManifest>
        <TextName Value="don.alfredo.fpcupdeluxe"/>
        <TextDesc Value="Installer for FPC and Lazarus."/>
      </XPManifest>
      <Resources Count="11">
        <Resource_0 FileName="sources\fpcup.ini" Type="RCDATA" ResourceName="FPCUP_INI"/>
        <Resource_1 FileName="sources\settings.ini" Type="RCDATA" ResourceName="SETTINGS_INI"/>
        <Resource_2 FileName="patches\patchfpc\glibc_compat_3_2_2.patch" Type="RCDATA" ResourceName="GLIBC_COMPAT_3_2_2"/>
        <Resource_3 FileName="chimp.png" Type="RCDATA" ResourceName="SPLASH_LOGO"/>
        <Resource_4 FileName="languages\fpcupdeluxe.en.po" Type="RCDATA" ResourceName="FPCUPDELUXE.EN"/>
        <Resource_5 FileName="languages\fpcupdeluxe.zh.po" Type="RCDATA" ResourceName="FPCUPDELUXE.ZH"/>
        <Resource_6 FileName="languages\fpcupdeluxe.ko.po" Type="RCDATA" ResourceName="FPCUPDELUXE.KO"/>
        <Resource_7 FileName="languages\fpcupdeluxe.de.po" Type="RCDATA" ResourceName="FPCUPDELUXE.DE"/>
        <Resource_8 FileName="languages\fpcupdeluxe.fr.po" Type="RCDATA" ResourceName="FPCUPDELUXE.FR"/>
        <Resource_9 FileName="languages\fpcupdeluxe.nl.po" Type="RCDATA" ResourceName="FPCUPDELUXE.NL"/>
        <Resource_10 FileName="languages\fpcupdeluxe.uk.po" Type="RCDATA" ResourceName="FPCUPDELUXE.UK"/>
      </Resources>
    </General>
    <i18n>
      <EnableI18N Value="True" LFM="False"/>
      <OutDir Value="languages"/>
      <ExcludedIdentifiers Count="1">
        <Item1 Value="tform1.caption"/>
      </ExcludedIdentifiers>
    </i18n>
    <BuildModes Count="11">
      <Item1 Name="default" Default="True"/>
      <Item2 Name="debug">
        <CompilerOptions>
          <Version Value="11"/>
          <PathDelim Value="\"/>
          <Target>
            <Filename Value="deluxebin\fpcupdeluxe-$(TargetCPU)-$(TargetOS)"/>
          </Target>
          <SearchPaths>
            <IncludeFiles Value="$(ProjOutDir);sources;mORMot"/>
            <OtherUnitFiles Value="sources;sources\updeluxe;sources\crossinstallers;metadarkstyle;synaser;dcpcrypt;dcpcrypt\Ciphers;dcpcrypt\Hashes;logger;mORMot;mORMot\CrossPlatform;downloader\src\forms;downloader\src\common"/>
            <UnitOutputDirectory Value="buildlibs\$NameOnly($(ProjFile))\$NameOnly($Project(InfoFile))\$(TargetCPU)-$(TargetOS)"/>
          </SearchPaths>
          <Conditionals Value="if TargetOS=&apos;darwin&apos; then
   CustomOptions := &apos; -Cg-&apos;;
if TargetOS=&apos;openbsd&apos; then
   CustomOptions := &apos; -Cg-&apos;;"/>
          <CodeGeneration>
            <Checks>
              <IOChecks Value="True"/>
              <RangeChecks Value="True"/>
              <OverflowChecks Value="True"/>
            </Checks>
            <Optimizations>
              <OptimizationLevel Value="0"/>
            </Optimizations>
          </CodeGeneration>
          <Linking>
            <Debugging>
              <DebugInfoType Value="dsDwarf2"/>
            </Debugging>
          </Linking>
        </CompilerOptions>
      </Item2>
      <Item3 Name="darwinarm64cocoa">
        <MacroValues Count="1">
          <Macro1 Name="LCLWidgetType" Value="cocoa"/>
        </MacroValues>
        <CompilerOptions>
          <Version Value="11"/>
          <PathDelim Value="\"/>
          <Target>
            <Filename Value="deluxebin\fpcupdeluxe-$(TargetCPU)-$(TargetOS)-cocoa"/>
          </Target>
          <SearchPaths>
            <IncludeFiles Value="$(ProjOutDir);sources;mORMot"/>
            <OtherUnitFiles Value="sources;sources\updeluxe;sources\crossinstallers;metadarkstyle;synaser;dcpcrypt;dcpcrypt\Ciphers;dcpcrypt\Hashes;logger;mORMot;mORMot\CrossPlatform;downloader\src\forms;downloader\src\common"/>
            <UnitOutputDirectory Value="buildlibs\$NameOnly($(ProjFile))\$NameOnly($Project(InfoFile))\$(TargetCPU)-$(TargetOS)-cocoa"/>
          </SearchPaths>
          <CodeGeneration>
            <TargetCPU Value="aarch64"/>
            <TargetOS Value="darwin"/>
            <Optimizations>
              <OptimizationLevel Value="2"/>
            </Optimizations>
          </CodeGeneration>
          <Linking>
            <Debugging>
              <GenerateDebugInfo Value="False"/>
            </Debugging>
          </Linking>
        </CompilerOptions>
      </Item3>
      <Item4 Name="linuxloongarch64">
        <MacroValues Count="1">
          <Macro2 Name="LCLWidgetType" Value="gtk2"/>
        </MacroValues>
        <CompilerOptions>
          <Version Value="11"/>
          <PathDelim Value="\"/>
          <Target>
            <Filename Value="deluxebin\fpcupdeluxe-$(TargetCPU)-$(TargetOS)"/>
          </Target>
          <SearchPaths>
            <IncludeFiles Value="$(ProjOutDir);sources;mORMot"/>
            <OtherUnitFiles Value="sources;sources\updeluxe;sources\crossinstallers;metadarkstyle;synaser;dcpcrypt;dcpcrypt\Ciphers;dcpcrypt\Hashes;logger;mORMot;mORMot\CrossPlatform;downloader\src\forms;downloader\src\common"/>
            <UnitOutputDirectory Value="buildlibs\$NameOnly($(ProjFile))\$NameOnly($Project(InfoFile))\$(TargetCPU)-$(TargetOS)"/>
          </SearchPaths>
          <CodeGeneration>
            <TargetCPU Value="loongarch64"/>
            <TargetOS Value="linux"/>
            <Optimizations>
              <OptimizationLevel Value="2"/>
            </Optimizations>
          </CodeGeneration>
          <Linking>
            <Debugging>
              <GenerateDebugInfo Value="False"/>
              <UseLineInfoUnit Value="False"/>
              <StripSymbols Value="True"/>
            </Debugging>
          </Linking>
        </CompilerOptions>
      </Item4>
      <Item5 Name="openbsdx64">
        <MacroValues Count="1">
          <Macro2 Name="LCLWidgetType" Value="gtk2"/>
        </MacroValues>
        <CompilerOptions>
          <Version Value="11"/>
          <PathDelim Value="\"/>
          <Target>
            <Filename Value="deluxebin\fpcupdeluxe-$(TargetCPU)-$(TargetOS)"/>
          </Target>
          <SearchPaths>
            <IncludeFiles Value="$(ProjOutDir);sources;mORMot"/>
            <OtherUnitFiles Value="sources;sources\updeluxe;sources\crossinstallers;metadarkstyle;synaser;dcpcrypt;dcpcrypt\Ciphers;dcpcrypt\Hashes;logger;mORMot;mORMot\CrossPlatform;downloader\src\forms;downloader\src\common"/>
            <UnitOutputDirectory Value="buildlibs\$NameOnly($(ProjFile))\$NameOnly($Project(InfoFile))\$(TargetCPU)-$(TargetOS)"/>
          </SearchPaths>
          <CodeGeneration>
            <TargetCPU Value="x86_64"/>
            <TargetOS Value="openbsd"/>
            <Optimizations>
              <OptimizationLevel Value="0"/>
            </Optimizations>
          </CodeGeneration>
          <Linking>
            <Debugging>
              <RunWithoutDebug Value="True"/>
              <DebugInfoType Value="dsDwarf3"/>
            </Debugging>
          </Linking>
          <Other>
            <CustomOptions Value="-a"/>
          </Other>
        </CompilerOptions>
      </Item5>
      <Item6 Name="openbsdi386">
        <MacroValues Count="1">
          <Macro2 Name="LCLWidgetType" Value="gtk2"/>
        </MacroValues>
        <CompilerOptions>
          <Version Value="11"/>
          <PathDelim Value="\"/>
          <Target>
            <Filename Value="deluxebin\fpcupdeluxe-$(TargetCPU)-$(TargetOS)"/>
          </Target>
          <SearchPaths>
            <IncludeFiles Value="$(ProjOutDir);sources;mORMot"/>
            <OtherUnitFiles Value="sources;sources\updeluxe;sources\crossinstallers;metadarkstyle;synaser;dcpcrypt;dcpcrypt\Ciphers;dcpcrypt\Hashes;logger;mORMot;mORMot\CrossPlatform;downloader\src\forms;downloader\src\common"/>
            <UnitOutputDirectory Value="buildlibs\$NameOnly($(ProjFile))\$NameOnly($Project(InfoFile))\$(TargetCPU)-$(TargetOS)"/>
          </SearchPaths>
          <CodeGeneration>
            <TargetCPU Value="i386"/>
            <TargetOS Value="openbsd"/>
            <Optimizations>
              <OptimizationLevel Value="2"/>
            </Optimizations>
          </CodeGeneration>
          <Linking>
            <Debugging>
              <GenerateDebugInfo Value="False"/>
              <UseLineInfoUnit Value="False"/>
              <StripSymbols Value="True"/>
            </Debugging>
          </Linking>
        </CompilerOptions>
      </Item6>
      <Item7 Name="freebsdaarch64">
        <MacroValues Count="1">
          <Macro2 Name="LCLWidgetType" Value="gtk2"/>
        </MacroValues>
        <CompilerOptions>
          <Version Value="11"/>
          <PathDelim Value="\"/>
          <Target>
            <Filename Value="deluxebin\fpcupdeluxe-$(TargetCPU)-$(TargetOS)"/>
          </Target>
          <SearchPaths>
            <IncludeFiles Value="$(ProjOutDir);sources;mORMot"/>
            <OtherUnitFiles Value="sources;sources\updeluxe;sources\crossinstallers;metadarkstyle;synaser;dcpcrypt;dcpcrypt\Ciphers;dcpcrypt\Hashes;logger;mORMot;mORMot\CrossPlatform;downloader\src\forms;downloader\src\common"/>
            <UnitOutputDirectory Value="buildlibs\$NameOnly($(ProjFile))\$NameOnly($Project(InfoFile))\$(TargetCPU)-$(TargetOS)"/>
          </SearchPaths>
          <CodeGeneration>
            <TargetCPU Value="aarch64"/>
            <TargetOS Value="freebsd"/>
            <Optimizations>
              <OptimizationLevel Value="2"/>
            </Optimizations>
          </CodeGeneration>
          <Linking>
            <Debugging>
              <GenerateDebugInfo Value="False"/>
              <UseLineInfoUnit Value="False"/>
              <StripSymbols Value="True"/>
            </Debugging>
          </Linking>
        </CompilerOptions>
      </Item7>
      <Item8 Name="win64arm64">
        <MacroValues Count="1">
          <Macro3 Name="LCLWidgetType" Value="win32"/>
        </MacroValues>
        <CompilerOptions>
          <Version Value="11"/>
          <PathDelim Value="\"/>
          <Target>
            <Filename Value="deluxebin\fpcupdeluxe-$(TargetCPU)-$(TargetOS)"/>
          </Target>
          <SearchPaths>
            <IncludeFiles Value="$(ProjOutDir);sources;mORMot"/>
            <OtherUnitFiles Value="sources;sources\updeluxe;sources\crossinstallers;metadarkstyle;synaser;dcpcrypt;dcpcrypt\Ciphers;dcpcrypt\Hashes;logger;mORMot;mORMot\SQLite3;downloader\src\forms;downloader\src\common;mORMot\CrossPlatform;mORMot2\src\core;mORMot2\src\lib;mORMot2\src\net"/>
            <UnitOutputDirectory Value="buildlibs\$NameOnly($(ProjFile))\$NameOnly($Project(InfoFile))\$(TargetCPU)-$(TargetOS)"/>
          </SearchPaths>
          <Conditionals Value="if TargetOS=&apos;darwin&apos; then
   CustomOptions := &apos; -Cg-&apos;;
if TargetOS=&apos;openbsd&apos; then
   CustomOptions := &apos; -Cg-&apos;;"/>
          <CodeGeneration>
            <TargetCPU Value="aarch64"/>
            <TargetOS Value="win64"/>
            <Optimizations>
              <OptimizationLevel Value="0"/>
            </Optimizations>
          </CodeGeneration>
          <Linking>
            <Debugging>
              <GenerateDebugInfo Value="False"/>
              <RunWithoutDebug Value="True"/>
              <UseLineInfoUnit Value="False"/>
            </Debugging>
            <Options>
              <Win32>
                <GraphicApplication Value="True"/>
              </Win32>
            </Options>
          </Linking>
          <Other>
            <CustomOptions Value="-dDisableRemoteLog"/>
          </Other>
        </CompilerOptions>
      </Item8>
      <Item9 Name="linuxx64QT6">
        <MacroValues Count="1">
          <Macro4 Name="LCLWidgetType" Value="qt6"/>
        </MacroValues>
        <CompilerOptions>
          <Version Value="11"/>
          <PathDelim Value="\"/>
          <Target>
            <Filename Value="deluxebin\fpcupdeluxe-$(TargetCPU)-$(TargetOS)-qt6"/>
          </Target>
          <SearchPaths>
            <IncludeFiles Value="$(ProjOutDir);sources;mORMot"/>
            <OtherUnitFiles Value="sources;sources\updeluxe;sources\crossinstallers;metadarkstyle;synaser;dcpcrypt;dcpcrypt\Ciphers;dcpcrypt\Hashes;logger;mORMot;mORMot\CrossPlatform;downloader\src\forms;downloader\src\common"/>
            <UnitOutputDirectory Value="buildlibs\$NameOnly($(ProjFile))\$NameOnly($Project(InfoFile))\$(TargetCPU)-$(TargetOS)-qt6"/>
          </SearchPaths>
          <CodeGeneration>
            <TargetCPU Value="x86_64"/>
            <TargetOS Value="linux"/>
            <Optimizations>
              <OptimizationLevel Value="2"/>
            </Optimizations>
          </CodeGeneration>
          <Linking>
            <Debugging>
              <GenerateDebugInfo Value="False"/>
              <UseLineInfoUnit Value="False"/>
              <StripSymbols Value="True"/>
            </Debugging>
          </Linking>
          <Other>
            <CustomOptions Value="-k&quot;-rpath=./&quot;"/>
          </Other>
        </CompilerOptions>
      </Item9>
      <Item10 Name="linuxx64QT6zip">
        <MacroValues Count="1">
          <Macro4 Name="LCLWidgetType" Value="qt6"/>
        </MacroValues>
        <CompilerOptions>
          <Version Value="11"/>
          <PathDelim Value="\"/>
          <Target>
            <Filename Value="deluxebin\linuxqt6\fpcupdeluxe-$(TargetCPU)-$(TargetOS)-qt6\fpcupdeluxe-$(TargetCPU)-$(TargetOS)-qt6"/>
          </Target>
          <SearchPaths>
            <IncludeFiles Value="$(ProjOutDir);sources;mORMot"/>
            <OtherUnitFiles Value="sources;sources\updeluxe;sources\crossinstallers;metadarkstyle;synaser;dcpcrypt;dcpcrypt\Ciphers;dcpcrypt\Hashes;logger;mORMot;mORMot\CrossPlatform;downloader\src\forms;downloader\src\common"/>
            <UnitOutputDirectory Value="buildlibs\$NameOnly($(ProjFile))\$NameOnly($Project(InfoFile))\$(TargetCPU)-$(TargetOS)-qt6"/>
          </SearchPaths>
          <CodeGeneration>
            <TargetCPU Value="x86_64"/>
            <TargetOS Value="linux"/>
            <Optimizations>
              <OptimizationLevel Value="2"/>
            </Optimizations>
          </CodeGeneration>
          <Linking>
            <Debugging>
              <GenerateDebugInfo Value="False"/>
              <UseLineInfoUnit Value="False"/>
              <StripSymbols Value="True"/>
            </Debugging>
          </Linking>
          <Other>
            <CustomOptions Value="-k&quot;-rpath=./&quot;"/>
          </Other>
        </CompilerOptions>
      </Item10>
      <Item11 Name="freebsdx64">
        <CompilerOptions>
          <Version Value="11"/>
          <PathDelim Value="\"/>
          <Target>
            <Filename Value="deluxebin\fpcupdeluxe-$(TargetCPU)-$(TargetOS)-12"/>
          </Target>
          <SearchPaths>
            <IncludeFiles Value="$(ProjOutDir);sources;mORMot"/>
            <OtherUnitFiles Value="sources;sources\updeluxe;sources\crossinstallers;metadarkstyle;synaser;dcpcrypt;dcpcrypt\Ciphers;dcpcrypt\Hashes;logger;mORMot;mORMot\CrossPlatform;downloader\src\forms;downloader\src\common"/>
            <UnitOutputDirectory Value="buildlibs\$NameOnly($(ProjFile))\$NameOnly($Project(InfoFile))\$(TargetCPU)-$(TargetOS)"/>
          </SearchPaths>
          <CodeGeneration>
            <TargetCPU Value="x86_64"/>
            <TargetOS Value="freebsd"/>
            <Optimizations>
              <OptimizationLevel Value="2"/>
            </Optimizations>
          </CodeGeneration>
          <Linking>
            <Debugging>
              <GenerateDebugInfo Value="False"/>
              <UseLineInfoUnit Value="False"/>
              <StripSymbols Value="True"/>
            </Debugging>
          </Linking>
        </CompilerOptions>
      </Item11>
      <SharedMatrixOptions Count="4">
        <Item1 ID="322994045052" Modes="darwinarm64cocoa" Type="IDEMacro" MacroName="LCLWidgetType" Value="cocoa"/>
        <Item2 ID="369111111759" Modes="linuxloongarch64,openbsdx64,openbsdi386,freebsdaarch64" Type="IDEMacro" MacroName="LCLWidgetType" Value="gtk2"/>
        <Item3 ID="636969686655" Modes="win64arm64" Type="IDEMacro" MacroName="LCLWidgetType" Value="win32"/>
        <Item4 ID="457001635124" Modes="linuxx64QT6,linuxx64QT6zip" Type="IDEMacro" MacroName="LCLWidgetType" Value="qt6"/>
      </SharedMatrixOptions>
    </BuildModes>
    <PublishOptions>
      <Version Value="2"/>
    </PublishOptions>
    <RunParams>
      <FormatVersion Value="2"/>
      <Modes Count="1">
        <Mode0 Name="default"/>
      </Modes>
    </RunParams>
    <RequiredPackages Count="2">
      <Item1>
        <PackageName Value="SynEdit"/>
      </Item1>
      <Item2>
        <PackageName Value="LCL"/>
      </Item2>
    </RequiredPackages>
    <Units Count="12">
      <Unit0>
        <Filename Value="up.lpr"/>
        <IsPartOfProject Value="True"/>
        <UnitName Value="fpcupdeluxe"/>
      </Unit0>
      <Unit1>
        <Filename Value="sources\updeluxe\fpcupdeluxemainform.pas"/>
        <IsPartOfProject Value="True"/>
        <ComponentName Value="Form1"/>
        <HasResources Value="True"/>
        <ResourceBaseClass Value="Form"/>
      </Unit1>
      <Unit2>
        <Filename Value="sources\updeluxe\extrasettings.pas"/>
        <IsPartOfProject Value="True"/>
        <ComponentName Value="Form2"/>
        <HasResources Value="True"/>
        <ResourceBaseClass Value="Form"/>
      </Unit2>
      <Unit3>
        <Filename Value="sources\updeluxe\syneditpopup.pas"/>
        <IsPartOfProject Value="True"/>
        <UnitName Value="SynEditPopup"/>
      </Unit3>
      <Unit4>
        <Filename Value="sources\updeluxe\aboutfrm.pas"/>
        <IsPartOfProject Value="True"/>
        <ComponentName Value="AboutForm"/>
        <HasResources Value="True"/>
        <ResourceBaseClass Value="Form"/>
        <UnitName Value="AboutFrm"/>
      </Unit4>
      <Unit5>
        <Filename Value="sources\updeluxe\infounit.pas"/>
        <IsPartOfProject Value="True"/>
        <ComponentName Value="InfoForm"/>
        <HasResources Value="True"/>
        <ResourceBaseClass Value="Form"/>
      </Unit5>
      <Unit6>
        <Filename Value="sources\updeluxe\modulesettings.pas"/>
        <IsPartOfProject Value="True"/>
        <ComponentName Value="Form3"/>
        <HasResources Value="True"/>
        <ResourceBaseClass Value="Form"/>
      </Unit6>
      <Unit7>
        <Filename Value="sources\fpcup.ini"/>
        <IsPartOfProject Value="True"/>
      </Unit7>
      <Unit8>
        <Filename Value="sources\settings.ini"/>
        <IsPartOfProject Value="True"/>
      </Unit8>
      <Unit9>
        <Filename Value="sources\revision.inc"/>
        <IsPartOfProject Value="True"/>
      </Unit9>
      <Unit10>
        <Filename Value="sources\processutils.pas"/>
        <IsPartOfProject Value="True"/>
      </Unit10>
      <Unit11>
        <Filename Value="sources\updeluxe\subarch.pas"/>
        <IsPartOfProject Value="True"/>
        <ComponentName Value="SubarchForm"/>
        <HasResources Value="True"/>
        <ResourceBaseClass Value="Form"/>
      </Unit11>
    </Units>
  </ProjectOptions>
  <CompilerOptions>
    <Version Value="11"/>
    <PathDelim Value="\"/>
    <Target>
      <Filename Value="deluxebin\fpcupdeluxe-$(TargetCPU)-$(TargetOS)"/>
    </Target>
    <SearchPaths>
      <IncludeFiles Value="$(ProjOutDir);sources;mORMot"/>
      <OtherUnitFiles Value="sources;sources\updeluxe;sources\crossinstallers;metadarkstyle;synaser;dcpcrypt;dcpcrypt\Ciphers;dcpcrypt\Hashes;logger;mORMot;mORMot\SQLite3;downloader\src\forms;downloader\src\common;mORMot\CrossPlatform;mORMot2\src\core;mORMot2\src\lib;mORMot2\src\net"/>
      <UnitOutputDirectory Value="buildlibs\$NameOnly($(ProjFile))\$NameOnly($Project(InfoFile))\$(TargetCPU)-$(TargetOS)"/>
    </SearchPaths>
    <Conditionals Value="if TargetOS=&apos;darwin&apos; then
   CustomOptions := &apos; -Cg-&apos;;
if TargetOS=&apos;openbsd&apos; then
   CustomOptions := &apos; -Cg-&apos;;"/>
    <CodeGeneration>
      <Optimizations>
        <OptimizationLevel Value="2"/>
      </Optimizations>
    </CodeGeneration>
    <Linking>
      <Debugging>
        <GenerateDebugInfo Value="False"/>
        <UseLineInfoUnit Value="False"/>
      </Debugging>
      <Options>
        <Win32>
          <GraphicApplication Value="True"/>
        </Win32>
      </Options>
    </Linking>
    <Other>
      <CustomOptions Value="-dDisableRemoteLog"/>
    </Other>
  </CompilerOptions>
  <Debugging>
    <Exceptions Count="1">
      <Item1>
        <Name Value="EInOutError"/>
      </Item1>
    </Exceptions>
  </Debugging>
</CONFIG>
