<?xml version="1.0" encoding="UTF-8"?>
<CONFIG>
  <ProjectOptions>
    <Version Value="12"/>
    <PathDelim Value="\"/>
    <General>
      <Flags>
        <CompatibilityMode Value="True"/>
      </Flags>
      <SessionStorage Value="InProjectDir"/>
      <Title Value="fpcupdeluxereaderremote"/>
      <Scaled Value="True"/>
      <ResourceType Value="res"/>
      <UseXPManifest Value="True"/>
      <XPManifest>
        <TextName Value="don.alfredo.fpcupdeluxe"/>
        <TextDesc Value="Installer for FPC and Lazarus."/>
      </XPManifest>
      <Resources Count="8">
        <Resource_0 FileName=".\..\fpcup.ini" Type="RCDATA" ResourceName="FPCUP_INI"/>
        <Resource_1 FileName=".\..\settings.ini" Type="RCDATA" ResourceName="SETTINGS_INI"/>
        <Resource_2 FileName=".\..\chimp.png" Type="RCDATA" ResourceName="SPLASH_LOGO"/>
        <Resource_3 FileName=".\..\languages\fpcupdeluxe.en.po" Type="RCDATA" ResourceName="FPCUPDELUXE.EN"/>
        <Resource_4 FileName=".\..\languages\fpcupdeluxe.zh.po" Type="RCDATA" ResourceName="FPCUPDELUXE.ZH"/>
        <Resource_5 FileName=".\..\icons\gitlablabel.png" Type="RCDATA" ResourceName="GITLABLABEL"/>
        <Resource_6 FileName=".\..\icons\github.png" Type="RCDATA" ResourceName="SVNLABEL"/>
        <Resource_7 FileName="..\languages\fpcupdeluxe.ko.po" Type="RCDATA" ResourceName="FPCUPDELUXE.KO"/>
      </Resources>
    </General>
    <i18n>
      <EnableI18N Value="True" LFM="False"/>
      <OutDir Value="languages"/>
      <ExcludedIdentifiers Count="1">
        <Item1 Value="tform1.caption"/>
      </ExcludedIdentifiers>
    </i18n>
    <BuildModes Count="1">
      <Item1 Name="Default" Default="True"/>
      <SharedMatrixOptions Count="4">
        <Item1 ID="784204643275" Type="IDEMacro" MacroName="LCLWidgetType" Value="qt5"/>
        <Item2 ID="322994045052" Type="IDEMacro" MacroName="LCLWidgetType" Value="cocoa"/>
        <Item3 ID="015223611220" Type="IDEMacro" MacroName="LCLWidgetType" Value="carbon"/>
        <Item4 ID="591091371099" Type="IDEMacro" MacroName="LCLWidgetType" Value="gtk3"/>
      </SharedMatrixOptions>
    </BuildModes>
    <PublishOptions>
      <Version Value="2"/>
    </PublishOptions>
    <RunParams>
      <FormatVersion Value="2"/>
      <Modes Count="1">
        <Mode0 Name="default"/>
      </Modes>
    </RunParams>
    <RequiredPackages Count="2">
      <Item1>
        <PackageName Value="SynEdit"/>
      </Item1>
      <Item2>
        <PackageName Value="LCL"/>
      </Item2>
    </RequiredPackages>
    <Units Count="12">
      <Unit0>
        <Filename Value="fpcupdeluxereaderremote.lpr"/>
        <IsPartOfProject Value="True"/>
      </Unit0>
      <Unit1>
        <Filename Value="fpcupdeluxemainform.pas"/>
        <IsPartOfProject Value="True"/>
        <ComponentName Value="Form1"/>
        <HasResources Value="True"/>
        <ResourceBaseClass Value="Form"/>
      </Unit1>
      <Unit2>
        <Filename Value="extrasettings.pas"/>
        <IsPartOfProject Value="True"/>
        <ComponentName Value="Form2"/>
        <HasResources Value="True"/>
        <ResourceBaseClass Value="Form"/>
      </Unit2>
      <Unit3>
        <Filename Value="syneditpopup.pas"/>
        <IsPartOfProject Value="True"/>
        <UnitName Value="SynEditPopup"/>
      </Unit3>
      <Unit4>
        <Filename Value="aboutfrm.pas"/>
        <IsPartOfProject Value="True"/>
        <ComponentName Value="AboutForm"/>
        <HasResources Value="True"/>
        <ResourceBaseClass Value="Form"/>
        <UnitName Value="AboutFrm"/>
      </Unit4>
      <Unit5>
        <Filename Value="infounit.pas"/>
        <IsPartOfProject Value="True"/>
        <ComponentName Value="InfoForm"/>
        <HasResources Value="True"/>
        <ResourceBaseClass Value="Form"/>
      </Unit5>
      <Unit6>
        <Filename Value="modulesettings.pas"/>
        <IsPartOfProject Value="True"/>
        <ComponentName Value="Form3"/>
        <HasResources Value="True"/>
        <ResourceBaseClass Value="Form"/>
      </Unit6>
      <Unit7>
        <Filename Value="fpcup.ini"/>
        <IsPartOfProject Value="True"/>
      </Unit7>
      <Unit8>
        <Filename Value="settings.ini"/>
        <IsPartOfProject Value="True"/>
      </Unit8>
      <Unit9>
        <Filename Value="revision.inc"/>
        <IsPartOfProject Value="True"/>
      </Unit9>
      <Unit10>
        <Filename Value="processutils.pas"/>
        <IsPartOfProject Value="True"/>
      </Unit10>
      <Unit11>
        <Filename Value="subarch.pas"/>
        <IsPartOfProject Value="True"/>
        <ComponentName Value="SubarchForm"/>
        <HasResources Value="True"/>
        <ResourceBaseClass Value="Form"/>
      </Unit11>
    </Units>
  </ProjectOptions>
  <CompilerOptions>
    <Version Value="11"/>
    <PathDelim Value="\"/>
    <Target>
      <Filename Value="deluxebin\$NameOnly($(ProjFile))-$(TargetCPU)-$(TargetOS)"/>
    </Target>
    <SearchPaths>
      <IncludeFiles Value="$(ProjOutDir);..;..\..\mORMot"/>
      <OtherUnitFiles Value="..;..\crossinstallers;..\synaser;..\dcpcrypt;..\dcpcrypt\Ciphers;..\dcpcrypt\Hashes;..\logger;..\..\mORMot;..\..\mORMot\SQLite3;..\downloader\src\forms;..\downloader\src\common;..\..\mORMot\CrossPlatform;..\..\mORMot2\src\core;..\..\mORMot2\src\lib;..\..\mORMot2\src\net;..\numcpulib"/>
      <UnitOutputDirectory Value="libfpclazupdeluxe\$(TargetCPU)-$(TargetOS)"/>
    </SearchPaths>
    <Conditionals Value="if TargetOS=&apos;darwin&apos; then
   CustomOptions := &apos; -Cg-&apos;;
if TargetOS=&apos;openbsd&apos; then
   CustomOptions := &apos; -Cg-&apos;;"/>
    <CodeGeneration>
      <Optimizations>
        <OptimizationLevel Value="2"/>
      </Optimizations>
    </CodeGeneration>
    <Linking>
      <Debugging>
        <GenerateDebugInfo Value="False"/>
        <UseLineInfoUnit Value="False"/>
      </Debugging>
      <Options>
        <Win32>
          <GraphicApplication Value="True"/>
        </Win32>
      </Options>
    </Linking>
    <Other>
      <CustomOptions Value="-dReader"/>
    </Other>
  </CompilerOptions>
  <Debugging>
    <Exceptions Count="1">
      <Item1>
        <Name Value="EInOutError"/>
      </Item1>
    </Exceptions>
  </Debugging>
</CONFIG>
